
Microsoft Visual Studio Solution File, Format Version 12.00
# Visual Studio Version 17
VisualStudioVersion = 17.13.35825.156 d17.13
MinimumVisualStudioVersion = 10.0.40219.1
Project("{FAE04EC0-301F-11D3-BF4B-00C04F79EFBC}") = "ej1", "ej1\ej1.csproj", "{5B225AAA-D593-4D74-AC86-A67481C49473}"
EndProject
Global
	GlobalSection(SolutionConfigurationPlatforms) = preSolution
		Debug|Any CPU = Debug|Any CPU
		Release|Any CPU = Release|Any CPU
	EndGlobalSection
	GlobalSection(ProjectConfigurationPlatforms) = postSolution
		{5B225AAA-D593-4D74-AC86-A67481C49473}.Debug|Any CPU.ActiveCfg = Debug|Any CPU
		{5B225AAA-D593-4D74-AC86-A67481C49473}.Debug|Any CPU.Build.0 = Debug|Any CPU
		{5B225AAA-D593-4D74-AC86-A67481C49473}.Release|Any CPU.ActiveCfg = Release|Any CPU
		{5B225AAA-D593-4D74-AC86-A67481C49473}.Release|Any CPU.Build.0 = Release|Any CPU
	EndGlobalSection
	GlobalSection(SolutionProperties) = preSolution
		HideSolutionNode = FALSE
	EndGlobalSection
	GlobalSection(ExtensibilityGlobals) = postSolution
		SolutionGuid = {0A75E30D-1B87-4250-A1D4-FCC92BA01A6A}
	EndGlobalSection
EndGlobal
